
Microsoft Visual Studio Solution File, Format Version 12.00
# Visual Studio 15
VisualStudioVersion = 15.0.27703.2035
MinimumVisualStudioVersion = 10.0.40219.1
Project("{FAE04EC0-301F-11D3-BF4B-00C04F79EFBC}") = "StringCalculator", "StringCalculator\StringCalculator.csproj", "{4B0786E7-C598-4ADD-BC1D-6135EA0959DF}"
EndProject
Project("{FAE04EC0-301F-11D3-BF4B-00C04F79EFBC}") = "StringCalculatorTests", "StringCalculatorTests\StringCalculatorTests.csproj", "{97F676C7-0C6F-4867-9519-F13F9ACA887D}"
EndProject
Global
	GlobalSection(SolutionConfigurationPlatforms) = preSolution
		Debug|Any CPU = Debug|Any CPU
		Release|Any CPU = Release|Any CPU
	EndGlobalSection
	GlobalSection(ProjectConfigurationPlatforms) = postSolution
		{4B0786E7-C598-4ADD-BC1D-6135EA0959DF}.Debug|Any CPU.ActiveCfg = Debug|Any CPU
		{4B0786E7-C598-4ADD-BC1D-6135EA0959DF}.Debug|Any CPU.Build.0 = Debug|Any CPU
		{4B0786E7-C598-4ADD-BC1D-6135EA0959DF}.Release|Any CPU.ActiveCfg = Release|Any CPU
		{4B0786E7-C598-4ADD-BC1D-6135EA0959DF}.Release|Any CPU.Build.0 = Release|Any CPU
		{97F676C7-0C6F-4867-9519-F13F9ACA887D}.Debug|Any CPU.ActiveCfg = Debug|Any CPU
		{97F676C7-0C6F-4867-9519-F13F9ACA887D}.Debug|Any CPU.Build.0 = Debug|Any CPU
		{97F676C7-0C6F-4867-9519-F13F9ACA887D}.Release|Any CPU.ActiveCfg = Release|Any CPU
		{97F676C7-0C6F-4867-9519-F13F9ACA887D}.Release|Any CPU.Build.0 = Release|Any CPU
	EndGlobalSection
	GlobalSection(SolutionProperties) = preSolution
		HideSolutionNode = FALSE
	EndGlobalSection
	GlobalSection(ExtensibilityGlobals) = postSolution
		SolutionGuid = {503962DE-A2CF-493D-892B-D78E103B4CBA}
	EndGlobalSection
EndGlobal
